
Microsoft Visual Studio Solution File, Format Version 12.00
# Visual Studio Version 16
VisualStudioVersion = 16.0.28917.181
MinimumVisualStudioVersion = 10.0.40219.1
Project("{2150E333-8FDC-42A3-9474-1A3956D46DE8}") = "src", "src", "{13B7852B-8885-4FF3-BC9F-3D4F517187B3}"
EndProject
Project("{9A19103F-16F7-4668-BE54-9A1E7A4F7556}") = "Axolotl.Abstractions", "src\Axolotl.Abstractions\Axolotl.Abstractions.csproj", "{8CBE8D82-D33B-4FD7-80E0-9F36B9473167}"
EndProject
Project("{9A19103F-16F7-4668-BE54-9A1E7A4F7556}") = "Axolotl", "src\Axolotl\Axolotl.csproj", "{F8737875-57C4-414C-A7A1-8527319E2C65}"
EndProject
Project("{2150E333-8FDC-42A3-9474-1A3956D46DE8}") = "example", "example", "{116EB2FD-87B8-401F-8427-6B8D3CF45494}"
EndProject
Project("{9A19103F-16F7-4668-BE54-9A1E7A4F7556}") = "Example.WebApi", "example\Example.WebApi\Example.WebApi.csproj", "{7DBD668C-B36C-4987-8AD2-25E60FBFDB63}"
EndProject
Project("{9A19103F-16F7-4668-BE54-9A1E7A4F7556}") = "Example.Generator", "example\Example.Generator\Example.Generator.csproj", "{F0686E24-6119-4A62-B5F3-91A0CF257B35}"
EndProject
Project("{9A19103F-16F7-4668-BE54-9A1E7A4F7556}") = "Axolotl.AspNetCore22", "src\Axolotl.AspNetCore22\Axolotl.AspNetCore22.csproj", "{A71A05FB-0343-4829-904D-AA2967C8B36C}"
EndProject
Project("{FAE04EC0-301F-11D3-BF4B-00C04F79EFBC}") = "Axolotl.TypeScriptWriter", "src\Axolotl.TypeScriptWriter\Axolotl.TypeScriptWriter.csproj", "{631248FB-12C4-44B9-9535-F57D8C6150EC}"
EndProject
Global
	GlobalSection(SolutionConfigurationPlatforms) = preSolution
		Debug|Any CPU = Debug|Any CPU
		Release|Any CPU = Release|Any CPU
	EndGlobalSection
	GlobalSection(ProjectConfigurationPlatforms) = postSolution
		{8CBE8D82-D33B-4FD7-80E0-9F36B9473167}.Debug|Any CPU.ActiveCfg = Debug|Any CPU
		{8CBE8D82-D33B-4FD7-80E0-9F36B9473167}.Debug|Any CPU.Build.0 = Debug|Any CPU
		{8CBE8D82-D33B-4FD7-80E0-9F36B9473167}.Release|Any CPU.ActiveCfg = Release|Any CPU
		{8CBE8D82-D33B-4FD7-80E0-9F36B9473167}.Release|Any CPU.Build.0 = Release|Any CPU
		{F8737875-57C4-414C-A7A1-8527319E2C65}.Debug|Any CPU.ActiveCfg = Debug|Any CPU
		{F8737875-57C4-414C-A7A1-8527319E2C65}.Debug|Any CPU.Build.0 = Debug|Any CPU
		{F8737875-57C4-414C-A7A1-8527319E2C65}.Release|Any CPU.ActiveCfg = Release|Any CPU
		{F8737875-57C4-414C-A7A1-8527319E2C65}.Release|Any CPU.Build.0 = Release|Any CPU
		{7DBD668C-B36C-4987-8AD2-25E60FBFDB63}.Debug|Any CPU.ActiveCfg = Debug|Any CPU
		{7DBD668C-B36C-4987-8AD2-25E60FBFDB63}.Debug|Any CPU.Build.0 = Debug|Any CPU
		{7DBD668C-B36C-4987-8AD2-25E60FBFDB63}.Release|Any CPU.ActiveCfg = Release|Any CPU
		{7DBD668C-B36C-4987-8AD2-25E60FBFDB63}.Release|Any CPU.Build.0 = Release|Any CPU
		{F0686E24-6119-4A62-B5F3-91A0CF257B35}.Debug|Any CPU.ActiveCfg = Debug|Any CPU
		{F0686E24-6119-4A62-B5F3-91A0CF257B35}.Debug|Any CPU.Build.0 = Debug|Any CPU
		{F0686E24-6119-4A62-B5F3-91A0CF257B35}.Release|Any CPU.ActiveCfg = Release|Any CPU
		{F0686E24-6119-4A62-B5F3-91A0CF257B35}.Release|Any CPU.Build.0 = Release|Any CPU
		{A71A05FB-0343-4829-904D-AA2967C8B36C}.Debug|Any CPU.ActiveCfg = Debug|Any CPU
		{A71A05FB-0343-4829-904D-AA2967C8B36C}.Debug|Any CPU.Build.0 = Debug|Any CPU
		{A71A05FB-0343-4829-904D-AA2967C8B36C}.Release|Any CPU.ActiveCfg = Release|Any CPU
		{A71A05FB-0343-4829-904D-AA2967C8B36C}.Release|Any CPU.Build.0 = Release|Any CPU
		{631248FB-12C4-44B9-9535-F57D8C6150EC}.Debug|Any CPU.ActiveCfg = Debug|Any CPU
		{631248FB-12C4-44B9-9535-F57D8C6150EC}.Debug|Any CPU.Build.0 = Debug|Any CPU
		{631248FB-12C4-44B9-9535-F57D8C6150EC}.Release|Any CPU.ActiveCfg = Release|Any CPU
		{631248FB-12C4-44B9-9535-F57D8C6150EC}.Release|Any CPU.Build.0 = Release|Any CPU
	EndGlobalSection
	GlobalSection(SolutionProperties) = preSolution
		HideSolutionNode = FALSE
	EndGlobalSection
	GlobalSection(NestedProjects) = preSolution
		{8CBE8D82-D33B-4FD7-80E0-9F36B9473167} = {13B7852B-8885-4FF3-BC9F-3D4F517187B3}
		{F8737875-57C4-414C-A7A1-8527319E2C65} = {13B7852B-8885-4FF3-BC9F-3D4F517187B3}
		{7DBD668C-B36C-4987-8AD2-25E60FBFDB63} = {116EB2FD-87B8-401F-8427-6B8D3CF45494}
		{F0686E24-6119-4A62-B5F3-91A0CF257B35} = {116EB2FD-87B8-401F-8427-6B8D3CF45494}
		{A71A05FB-0343-4829-904D-AA2967C8B36C} = {13B7852B-8885-4FF3-BC9F-3D4F517187B3}
		{631248FB-12C4-44B9-9535-F57D8C6150EC} = {13B7852B-8885-4FF3-BC9F-3D4F517187B3}
	EndGlobalSection
	GlobalSection(ExtensibilityGlobals) = postSolution
		SolutionGuid = {5404D257-307F-4CE9-9436-75A646C8BBD1}
	EndGlobalSection
EndGlobal
